
Microsoft Visual Studio Solution File, Format Version 12.00
# Visual Studio Version 17
VisualStudioVersion = 17.8.34511.84
MinimumVisualStudioVersion = 10.0.40219.1
Project("{FAE04EC0-301F-11D3-BF4B-00C04F79EFBC}") = "Minesharp", "Minesharp.csproj", "{6019C17A-AF54-45D8-93D1-43C1E2009252}"
EndProject
Global
	GlobalSection(SolutionConfigurationPlatforms) = preSolution
		Debug|Any CPU = Debug|Any CPU
		Release|Any CPU = Release|Any CPU
	EndGlobalSection
	GlobalSection(ProjectConfigurationPlatforms) = postSolution
		{6019C17A-AF54-45D8-93D1-43C1E2009252}.Debug|Any CPU.ActiveCfg = Debug|Any CPU
		{6019C17A-AF54-45D8-93D1-43C1E2009252}.Debug|Any CPU.Build.0 = Debug|Any CPU
		{6019C17A-AF54-45D8-93D1-43C1E2009252}.Release|Any CPU.ActiveCfg = Release|Any CPU
		{6019C17A-AF54-45D8-93D1-43C1E2009252}.Release|Any CPU.Build.0 = Release|Any CPU
	EndGlobalSection
	GlobalSection(SolutionProperties) = preSolution
		HideSolutionNode = FALSE
	EndGlobalSection
	GlobalSection(ExtensibilityGlobals) = postSolution
		SolutionGuid = {67F61AAE-C2BE-48A3-9B4C-6DF94AF537E0}
	EndGlobalSection
EndGlobal
